Microsoft Visual Studio Solution File, Format Version 12.00
# Visual Studio Version 17
VisualStudioVersion = 17.5.2.0
MinimumVisualStudioVersion = 10.0.40219.1
Project("{2150E333-8FDC-42A3-9474-1A3956D46DE8}") = "asosa", "asosa", "{592A0FAA-8C82-308F-8393-4A5EA085A57A}"
EndProject
Project("{FAE04EC0-301F-11D3-BF4B-00C04F79EFBC}") = "ej1", "asosa\ej1\ej1.csproj", "{CE17280C-57A1-C084-A882-BAB9D1B894A1}"
EndProject
Project("{FAE04EC0-301F-11D3-BF4B-00C04F79EFBC}") = "ej10", "asosa\ej10\ej10.csproj", "{9B5A9E31-1B8E-F800-4CC9-9FD4E4F8A1A0}"
EndProject
Project("{FAE04EC0-301F-11D3-BF4B-00C04F79EFBC}") = "ej2", "asosa\ej2\ej2.csproj", "{E63E15F5-63ED-F3F2-E293-442F7C2E212B}"
EndProject
Project("{FAE04EC0-301F-11D3-BF4B-00C04F79EFBC}") = "ej3", "asosa\ej3\ej3.csproj", "{705018DF-F9BE-5D23-274F-BDC3003E035D}"
EndProject
Project("{FAE04EC0-301F-11D3-BF4B-00C04F79EFBC}") = "ej4", "asosa\ej4\ej4.csproj", "{60293182-731E-E1EF-D835-454FA45218B7}"
EndProject
Project("{FAE04EC0-301F-11D3-BF4B-00C04F79EFBC}") = "ej5", "asosa\ej5\ej5.csproj", "{6A66A3F1-7B98-E12F-EFC6-541B86A8275E}"
EndProject
Project("{FAE04EC0-301F-11D3-BF4B-00C04F79EFBC}") = "ej6", "asosa\ej6\ej6.csproj", "{09E700D4-9608-D238-06B2-80F16914A248}"
EndProject
Project("{FAE04EC0-301F-11D3-BF4B-00C04F79EFBC}") = "ej7", "asosa\ej7\ej7.csproj", "{B6C5D616-593D-9C88-F5EE-82A1E266A3F4}"
EndProject
Project("{FAE04EC0-301F-11D3-BF4B-00C04F79EFBC}") = "ej8", "asosa\ej8\ej8.csproj", "{82C8A094-0D67-E2E7-2225-1B4A3C913DC0}"
EndProject
Project("{FAE04EC0-301F-11D3-BF4B-00C04F79EFBC}") = "ej9", "asosa\ej9\ej9.csproj", "{12DDF4D3-D43E-9668-9A41-2A5EE462EF8B}"
EndProject
Global
	GlobalSection(SolutionConfigurationPlatforms) = preSolution
		Debug|Any CPU = Debug|Any CPU
		Release|Any CPU = Release|Any CPU
	EndGlobalSection
	GlobalSection(ProjectConfigurationPlatforms) = postSolution
		{CE17280C-57A1-C084-A882-BAB9D1B894A1}.Debug|Any CPU.ActiveCfg = Debug|Any CPU
		{CE17280C-57A1-C084-A882-BAB9D1B894A1}.Debug|Any CPU.Build.0 = Debug|Any CPU
		{CE17280C-57A1-C084-A882-BAB9D1B894A1}.Release|Any CPU.ActiveCfg = Release|Any CPU
		{CE17280C-57A1-C084-A882-BAB9D1B894A1}.Release|Any CPU.Build.0 = Release|Any CPU
		{9B5A9E31-1B8E-F800-4CC9-9FD4E4F8A1A0}.Debug|Any CPU.ActiveCfg = Debug|Any CPU
		{9B5A9E31-1B8E-F800-4CC9-9FD4E4F8A1A0}.Debug|Any CPU.Build.0 = Debug|Any CPU
		{9B5A9E31-1B8E-F800-4CC9-9FD4E4F8A1A0}.Release|Any CPU.ActiveCfg = Release|Any CPU
		{9B5A9E31-1B8E-F800-4CC9-9FD4E4F8A1A0}.Release|Any CPU.Build.0 = Release|Any CPU
		{E63E15F5-63ED-F3F2-E293-442F7C2E212B}.Debug|Any CPU.ActiveCfg = Debug|Any CPU
		{E63E15F5-63ED-F3F2-E293-442F7C2E212B}.Debug|Any CPU.Build.0 = Debug|Any CPU
		{E63E15F5-63ED-F3F2-E293-442F7C2E212B}.Release|Any CPU.ActiveCfg = Release|Any CPU
		{E63E15F5-63ED-F3F2-E293-442F7C2E212B}.Release|Any CPU.Build.0 = Release|Any CPU
		{705018DF-F9BE-5D23-274F-BDC3003E035D}.Debug|Any CPU.ActiveCfg = Debug|Any CPU
		{705018DF-F9BE-5D23-274F-BDC3003E035D}.Debug|Any CPU.Build.0 = Debug|Any CPU
		{705018DF-F9BE-5D23-274F-BDC3003E035D}.Release|Any CPU.ActiveCfg = Release|Any CPU
		{705018DF-F9BE-5D23-274F-BDC3003E035D}.Release|Any CPU.Build.0 = Release|Any CPU
		{60293182-731E-E1EF-D835-454FA45218B7}.Debug|Any CPU.ActiveCfg = Debug|Any CPU
		{60293182-731E-E1EF-D835-454FA45218B7}.Debug|Any CPU.Build.0 = Debug|Any CPU
		{60293182-731E-E1EF-D835-454FA45218B7}.Release|Any CPU.ActiveCfg = Release|Any CPU
		{60293182-731E-E1EF-D835-454FA45218B7}.Release|Any CPU.Build.0 = Release|Any CPU
		{6A66A3F1-7B98-E12F-EFC6-541B86A8275E}.Debug|Any CPU.ActiveCfg = Debug|Any CPU
		{6A66A3F1-7B98-E12F-EFC6-541B86A8275E}.Debug|Any CPU.Build.0 = Debug|Any CPU
		{6A66A3F1-7B98-E12F-EFC6-541B86A8275E}.Release|Any CPU.ActiveCfg = Release|Any CPU
		{6A66A3F1-7B98-E12F-EFC6-541B86A8275E}.Release|Any CPU.Build.0 = Release|Any CPU
		{09E700D4-9608-D238-06B2-80F16914A248}.Debug|Any CPU.ActiveCfg = Debug|Any CPU
		{09E700D4-9608-D238-06B2-80F16914A248}.Debug|Any CPU.Build.0 = Debug|Any CPU
		{09E700D4-9608-D238-06B2-80F16914A248}.Release|Any CPU.ActiveCfg = Release|Any CPU
		{09E700D4-9608-D238-06B2-80F16914A248}.Release|Any CPU.Build.0 = Release|Any CPU
		{B6C5D616-593D-9C88-F5EE-82A1E266A3F4}.Debug|Any CPU.ActiveCfg = Debug|Any CPU
		{B6C5D616-593D-9C88-F5EE-82A1E266A3F4}.Debug|Any CPU.Build.0 = Debug|Any CPU
		{B6C5D616-593D-9C88-F5EE-82A1E266A3F4}.Release|Any CPU.ActiveCfg = Release|Any CPU
		{B6C5D616-593D-9C88-F5EE-82A1E266A3F4}.Release|Any CPU.Build.0 = Release|Any CPU
		{82C8A094-0D67-E2E7-2225-1B4A3C913DC0}.Debug|Any CPU.ActiveCfg = Debug|Any CPU
		{82C8A094-0D67-E2E7-2225-1B4A3C913DC0}.Debug|Any CPU.Build.0 = Debug|Any CPU
		{82C8A094-0D67-E2E7-2225-1B4A3C913DC0}.Release|Any CPU.ActiveCfg = Release|Any CPU
		{82C8A094-0D67-E2E7-2225-1B4A3C913DC0}.Release|Any CPU.Build.0 = Release|Any CPU
		{12DDF4D3-D43E-9668-9A41-2A5EE462EF8B}.Debug|Any CPU.ActiveCfg = Debug|Any CPU
		{12DDF4D3-D43E-9668-9A41-2A5EE462EF8B}.Debug|Any CPU.Build.0 = Debug|Any CPU
		{12DDF4D3-D43E-9668-9A41-2A5EE462EF8B}.Release|Any CPU.ActiveCfg = Release|Any CPU
		{12DDF4D3-D43E-9668-9A41-2A5EE462EF8B}.Release|Any CPU.Build.0 = Release|Any CPU
	EndGlobalSection
	GlobalSection(SolutionProperties) = preSolution
		HideSolutionNode = FALSE
	EndGlobalSection
	GlobalSection(NestedProjects) = preSolution
		{CE17280C-57A1-C084-A882-BAB9D1B894A1} = {592A0FAA-8C82-308F-8393-4A5EA085A57A}
		{9B5A9E31-1B8E-F800-4CC9-9FD4E4F8A1A0} = {592A0FAA-8C82-308F-8393-4A5EA085A57A}
		{E63E15F5-63ED-F3F2-E293-442F7C2E212B} = {592A0FAA-8C82-308F-8393-4A5EA085A57A}
		{705018DF-F9BE-5D23-274F-BDC3003E035D} = {592A0FAA-8C82-308F-8393-4A5EA085A57A}
		{60293182-731E-E1EF-D835-454FA45218B7} = {592A0FAA-8C82-308F-8393-4A5EA085A57A}
		{6A66A3F1-7B98-E12F-EFC6-541B86A8275E} = {592A0FAA-8C82-308F-8393-4A5EA085A57A}
		{09E700D4-9608-D238-06B2-80F16914A248} = {592A0FAA-8C82-308F-8393-4A5EA085A57A}
		{B6C5D616-593D-9C88-F5EE-82A1E266A3F4} = {592A0FAA-8C82-308F-8393-4A5EA085A57A}
		{82C8A094-0D67-E2E7-2225-1B4A3C913DC0} = {592A0FAA-8C82-308F-8393-4A5EA085A57A}
		{12DDF4D3-D43E-9668-9A41-2A5EE462EF8B} = {592A0FAA-8C82-308F-8393-4A5EA085A57A}
	EndGlobalSection
	GlobalSection(ExtensibilityGlobals) = postSolution
		SolutionGuid = {85CAF60B-D5E4-4B98-9EF6-D2E1B8E6E781}
	EndGlobalSection
EndGlobal
